{
  "pins" : [
    {
      "identity" : "ocrhelper",
      "kind" : "remoteSourceControl",
      "location" : "https://github.com/TyflosAccessibleSoftware/OCRHelper",
      "state" : {
        "revision" : "ff5a89f52da52651522c98187ce14de5f9fb8366",
        "version" : "1.0.2"
      }
    },
    {
      "identity" : "soundmanager",
      "kind" : "remoteSourceControl",
      "location" : "https://github.com/TyflosAccessibleSoftware/SoundManager",
      "state" : {
        "revision" : "e792a101a4ca4a44ae6ae889627241405ea550e2",
        "version" : "1.3.1"
      }
    }
  ],
  "version" : 2
}
